# THIS IS AN AUTOGENERATED FILE. DO NOT EDIT THIS FILE DIRECTLY.
# yarn lockfile v1


observable-air@^1.20.6:
  version "1.20.6"
  resolved "https://registry.yarnpkg.com/observable-air/-/observable-air-1.20.6.tgz#d1af930a61b176cf918347551bed2862e3e014bd"

ramda@^0.22.1:
  version "0.22.1"
  resolved "https://registry.yarnpkg.com/ramda/-/ramda-0.22.1.tgz#031da0c3df417c5b33c96234757eb37033f36a0e"

snabbdom@^0.5.4:
  version "0.5.4"
  resolved "https://registry.yarnpkg.com/snabbdom/-/snabbdom-0.5.4.tgz#82d726fd495843d8920d54ac3ca670b7e503375e"
